{
    "_readme": [
        "This file locks the dependencies of your project to a known state",
        "Read more about it at https://getcomposer.org/doc/01-basic-usage.md#composer-lock-the-lock-file",
        "This file is @generated automatically"
    ],
    "hash": "1fbcf92a75174dd1ffaad317c477e919",
    "content-hash": "84ef1333bce6a333971f432ca985bc3b",
    "packages": [
        {
            "name": "kevinrob/guzzle-cache-middleware",
            "version": "v3.1.0",
            "source": {
                "type": "git",
                "url": "https://github.com/Kevinrob/guzzle-cache-middleware.git",
                "reference": "df6feaf44d52f3788927fc0bcf545217d99a14d2"
            },
            "dist": {
                "type": "zip",
                "url": "https://api.github.com/repos/Kevinrob/guzzle-cache-middleware/zipball/df6feaf44d52f3788927fc0bcf545217d99a14d2",
                "reference": "df6feaf44d52f3788927fc0bcf545217d99a14d2",
                "shasum": ""
            },
            "require": {
                "php": ">=5.5.0"
            },
            "require-dev": {
                "cache/array-adapter": "^0.4 || ^0.5 || ^1.0",
                "cache/simple-cache-bridge": "^0.1 || ^1.0",
                "doctrine/cache": "^1.0",
                "guzzlehttp/guzzle": "^6.0",
                "illuminate/cache": "^5.0",
                "league/flysystem": "^1.0",
                "phpunit/phpunit": "^4.0 || ^5.0",
                "psr/cache": "^1.0"
            },
            "suggest": {
                "doctrine/cache": "This library have a lot of ready-to-use cache storage (to be use with Kevinrob\\GuzzleCache\\Storage\\DoctrineCacheStorage)",
                "guzzlehttp/guzzle": "For using this library. It was created for Guzzle6. (but you can use it with any PSR-7 HTTP Client)",
                "laravel/framework": "To be use with Kevinrob\\GuzzleCache\\Storage\\LaravelCacheStorage",
                "league/flysystem": "To be use with Kevinrob\\GuzzleCache\\Storage\\FlysystemStorage",
                "psr/cache": "To be use with Kevinrob\\GuzzleCache\\Storage\\Psr6CacheStorage",
                "psr/simple-cache": "To be use with Kevinrob\\GuzzleCache\\Storage\\Psr16CacheStorage"
            },
            "type": "library",
            "autoload": {
                "psr-4": {
                    "Kevinrob\\GuzzleCache\\": "src/"
                }
            },
            "notification-url": "https://packagist.org/downloads/",
            "license": [
                "MIT"
            ],
            "authors": [
                {
                    "name": "Kevin Robatel",
                    "email": "kevinrob2@gmail.com",
                    "homepage": "https://github.com/Kevinrob"
                }
            ],
            "description": "A HTTP/1.1 Cache for Guzzle 6. It's a simple Middleware to be added in the HandlerStack. (RFC 7234)",
            "homepage": "https://github.com/Kevinrob/guzzle-cache-middleware",
            "keywords": [
                "Etag",
                "Flysystem",
                "Guzzle",
                "cache",
                "cache-control",
                "doctrine",
                "expiration",
                "guzzle6",
                "handler",
                "http",
                "http 1.1",
                "middleware",
                "performance",
                "php",
                "promise",
                "psr6",
                "psr7",
                "rfc7234",
                "validation"
            ],
            "time": "2017-11-13 08:11:10"
        }
    ],
    "packages-dev": [],
    "aliases": [],
    "minimum-stability": "stable",
    "stability-flags": [],
    "prefer-stable": false,
    "prefer-lowest": false,
    "platform": [],
    "platform-dev": []
}
